
Microsoft Visual Studio Solution File, Format Version 12.00
# Visual Studio Version 17
VisualStudioVersion = 17.9.34607.119
MinimumVisualStudioVersion = 10.0.40219.1
Project("{FAE04EC0-301F-11D3-BF4B-00C04F79EFBC}") = "data_structure_and_algorithms", "data_structure_and_algorithms.csproj", "{70977033-A16C-4FCE-873D-FCD248B8CA2E}"
EndProject
Global
	GlobalSection(SolutionConfigurationPlatforms) = preSolution
		Debug|Any CPU = Debug|Any CPU
		Release|Any CPU = Release|Any CPU
	EndGlobalSection
	GlobalSection(ProjectConfigurationPlatforms) = postSolution
		{70977033-A16C-4FCE-873D-FCD248B8CA2E}.Debug|Any CPU.ActiveCfg = Debug|Any CPU
		{70977033-A16C-4FCE-873D-FCD248B8CA2E}.Debug|Any CPU.Build.0 = Debug|Any CPU
		{70977033-A16C-4FCE-873D-FCD248B8CA2E}.Release|Any CPU.ActiveCfg = Release|Any CPU
		{70977033-A16C-4FCE-873D-FCD248B8CA2E}.Release|Any CPU.Build.0 = Release|Any CPU
	EndGlobalSection
	GlobalSection(SolutionProperties) = preSolution
		HideSolutionNode = FALSE
	EndGlobalSection
	GlobalSection(ExtensibilityGlobals) = postSolution
		SolutionGuid = {F33B1A12-5066-4429-B28E-0AA700F92B29}
	EndGlobalSection
EndGlobal
